
Microsoft Visual Studio Solution File, Format Version 12.00
# Visual Studio Version 17
VisualStudioVersion = 17.13.35931.197 d17.13
MinimumVisualStudioVersion = 10.0.40219.1
Project("{FAE04EC0-301F-11D3-BF4B-00C04F79EFBC}") = "VMManagerAPI", "VMManagerAPI\VMManagerAPI.csproj", "{CCDBC1F7-CEA1-4083-9473-85D44BE1AA88}"
EndProject
Global
	GlobalSection(SolutionConfigurationPlatforms) = preSolution
		Debug|Any CPU = Debug|Any CPU
		Release|Any CPU = Release|Any CPU
	EndGlobalSection
	GlobalSection(ProjectConfigurationPlatforms) = postSolution
		{CCDBC1F7-CEA1-4083-9473-85D44BE1AA88}.Debug|Any CPU.ActiveCfg = Debug|Any CPU
		{CCDBC1F7-CEA1-4083-9473-85D44BE1AA88}.Debug|Any CPU.Build.0 = Debug|Any CPU
		{CCDBC1F7-CEA1-4083-9473-85D44BE1AA88}.Release|Any CPU.ActiveCfg = Release|Any CPU
		{CCDBC1F7-CEA1-4083-9473-85D44BE1AA88}.Release|Any CPU.Build.0 = Release|Any CPU
	EndGlobalSection
	GlobalSection(SolutionProperties) = preSolution
		HideSolutionNode = FALSE
	EndGlobalSection
	GlobalSection(ExtensibilityGlobals) = postSolution
		SolutionGuid = {0C209D1E-BC8D-4A3F-BFCE-0C4F897486A9}
	EndGlobalSection
EndGlobal
